// !$*UTF8*$!
{
	archiveVersion = 1;
	classes = {
	};
	objectVersion = 50;
	objects = {

/* Begin PBXBuildFile section */
		AE03F3F426A88917004C12BF /* AppDelegate.swift in Sources */ = {isa = PBXBuildFile; fileRef = AE03F3F326A88917004C12BF /* AppDelegate.swift */; };
		AE03F3FD26A88918004C12BF /* Assets.xcassets in Resources */ = {isa = PBXBuildFile; fileRef = AE03F3FC26A88918004C12BF /* Assets.xcassets */; };
		AE03F40026A88918004C12BF /* LaunchScreen.storyboard in Resources */ = {isa = PBXBuildFile; fileRef = AE03F3FE26A88918004C12BF /* LaunchScreen.storyboard */; };
		AE03F40B26A88918004C12BF /* MemberListReducerTests.swift in Sources */ = {isa = PBXBuildFile; fileRef = AE03F40A26A88918004C12BF /* MemberListReducerTests.swift */; };
		AE03F41626A88918004C12BF /* DiffableDataSourceUITests.swift in Sources */ = {isa = PBXBuildFile; fileRef = AE03F41526A88918004C12BF /* DiffableDataSourceUITests.swift */; };
		AE33B46F26AB2BD100F1619D /* MemberListStore.swift in Sources */ = {isa = PBXBuildFile; fileRef = AE33B46E26AB2BD100F1619D /* MemberListStore.swift */; };
		AE9DE24726B1B31E005C0475 /* AddMemberViewController.swift in Sources */ = {isa = PBXBuildFile; fileRef = AE9DE24626B1B31E005C0475 /* AddMemberViewController.swift */; };
		AE9DE24926B2CE21005C0475 /* AddMemberStore.swift in Sources */ = {isa = PBXBuildFile; fileRef = AE9DE24826B2CE21005C0475 /* AddMemberStore.swift */; };
		AEE67A3526A9BEA400CFDFF6 /* MemberListViewController.swift in Sources */ = {isa = PBXBuildFile; fileRef = AEE67A3426A9BEA400CFDFF6 /* MemberListViewController.swift */; };
		AEE67A3726A9BF0E00CFDFF6 /* MemberListViewController+Extension.swift in Sources */ = {isa = PBXBuildFile; fileRef = AEE67A3626A9BF0E00CFDFF6 /* MemberListViewController+Extension.swift */; };
		AEE67A3926A9C0AE00CFDFF6 /* Helper.swift in Sources */ = {isa = PBXBuildFile; fileRef = AEE67A3826A9C0AE00CFDFF6 /* Helper.swift */; };
		AEE67A7226A9D0D300CFDFF6 /* MemberListPreview.swift in Sources */ = {isa = PBXBuildFile; fileRef = AEE67A7126A9D0D300CFDFF6 /* MemberListPreview.swift */; };
/* End PBXBuildFile section */

/* Begin PBXContainerItemProxy section */
		AE03F40726A88918004C12BF /* PBXContainerItemProxy */ = {
			isa = PBXContainerItemProxy;
			containerPortal = AE03F3E826A88917004C12BF /* Project object */;
			proxyType = 1;
			remoteGlobalIDString = AE03F3EF26A88917004C12BF;
			remoteInfo = DiffableDataSource;
		};
		AE03F41226A88918004C12BF /* PBXContainerItemProxy */ = {
			isa = PBXContainerItemProxy;
			containerPortal = AE03F3E826A88917004C12BF /* Project object */;
			proxyType = 1;
			remoteGlobalIDString = AE03F3EF26A88917004C12BF;
			remoteInfo = DiffableDataSource;
		};
/* End PBXContainerItemProxy section */

/* Begin PBXFileReference section */
		AE03F3F026A88917004C12BF /* DiffableDataSource.app */ = {isa = PBXFileReference; explicitFileType = wrapper.application; includeInIndex = 0; path = DiffableDataSource.app; sourceTree = BUILT_PRODUCTS_DIR; };
		AE03F3F326A88917004C12BF /* AppDelegate.swift */ = {isa = PBXFileReference; lastKnownFileType = sourcecode.swift; path = AppDelegate.swift; sourceTree = "<group>"; };
		AE03F3FC26A88918004C12BF /* Assets.xcassets */ = {isa = PBXFileReference; lastKnownFileType = folder.assetcatalog; path = Assets.xcassets; sourceTree = "<group>"; };
		AE03F3FF26A88918004C12BF /* Base */ = {isa = PBXFileReference; lastKnownFileType = file.storyboard; name = Base; path = Base.lproj/LaunchScreen.storyboard; sourceTree = "<group>"; };
		AE03F40126A88918004C12BF /* Info.plist */ = {isa = PBXFileReference; lastKnownFileType = text.plist.xml; path = Info.plist; sourceTree = "<group>"; };
		AE03F40626A88918004C12BF /* DiffableDataSourceTests.xctest */ = {isa = PBXFileReference; explicitFileType = wrapper.cfbundle; includeInIndex = 0; path = DiffableDataSourceTests.xctest; sourceTree = BUILT_PRODUCTS_DIR; };
		AE03F40A26A88918004C12BF /* MemberListReducerTests.swift */ = {isa = PBXFileReference; lastKnownFileType = sourcecode.swift; path = MemberListReducerTests.swift; sourceTree = "<group>"; };
		AE03F40C26A88918004C12BF /* Info.plist */ = {isa = PBXFileReference; lastKnownFileType = text.plist.xml; path = Info.plist; sourceTree = "<group>"; };
		AE03F41126A88918004C12BF /* DiffableDataSourceUITests.xctest */ = {isa = PBXFileReference; explicitFileType = wrapper.cfbundle; includeInIndex = 0; path = DiffableDataSourceUITests.xctest; sourceTree = BUILT_PRODUCTS_DIR; };
		AE03F41526A88918004C12BF /* DiffableDataSourceUITests.swift */ = {isa = PBXFileReference; lastKnownFileType = sourcecode.swift; path = DiffableDataSourceUITests.swift; sourceTree = "<group>"; };
		AE03F41726A88918004C12BF /* Info.plist */ = {isa = PBXFileReference; lastKnownFileType = text.plist.xml; path = Info.plist; sourceTree = "<group>"; };
		AE33B46E26AB2BD100F1619D /* MemberListStore.swift */ = {isa = PBXFileReference; lastKnownFileType = sourcecode.swift; path = MemberListStore.swift; sourceTree = "<group>"; };
		AE9DE24626B1B31E005C0475 /* AddMemberViewController.swift */ = {isa = PBXFileReference; lastKnownFileType = sourcecode.swift; path = AddMemberViewController.swift; sourceTree = "<group>"; };
		AE9DE24826B2CE21005C0475 /* AddMemberStore.swift */ = {isa = PBXFileReference; lastKnownFileType = sourcecode.swift; path = AddMemberStore.swift; sourceTree = "<group>"; };
		AEE67A3426A9BEA400CFDFF6 /* MemberListViewController.swift */ = {isa = PBXFileReference; lastKnownFileType = sourcecode.swift; path = MemberListViewController.swift; sourceTree = "<group>"; };
		AEE67A3626A9BF0E00CFDFF6 /* MemberListViewController+Extension.swift */ = {isa = PBXFileReference; lastKnownFileType = sourcecode.swift; path = "MemberListViewController+Extension.swift"; sourceTree = "<group>"; };
		AEE67A3826A9C0AE00CFDFF6 /* Helper.swift */ = {isa = PBXFileReference; lastKnownFileType = sourcecode.swift; path = Helper.swift; sourceTree = "<group>"; };
		AEE67A7126A9D0D300CFDFF6 /* MemberListPreview.swift */ = {isa = PBXFileReference; lastKnownFileType = sourcecode.swift; path = MemberListPreview.swift; sourceTree = "<group>"; };
/* End PBXFileReference section */

/* Begin PBXFrameworksBuildPhase section */
		AE03F3ED26A88917004C12BF /* Frameworks */ = {
			isa = PBXFrameworksBuildPhase;
			buildActionMask = 2147483647;
			files = (
			);
			runOnlyForDeploymentPostprocessing = 0;
		};
		AE03F40326A88918004C12BF /* Frameworks */ = {
			isa = PBXFrameworksBuildPhase;
			buildActionMask = 2147483647;
			files = (
			);
			runOnlyForDeploymentPostprocessing = 0;
		};
		AE03F40E26A88918004C12BF /* Frameworks */ = {
			isa = PBXFrameworksBuildPhase;
			buildActionMask = 2147483647;
			files = (
			);
			runOnlyForDeploymentPostprocessing = 0;
		};
/* End PBXFrameworksBuildPhase section */

/* Begin PBXGroup section */
		AE03F3E726A88916004C12BF = {
			isa = PBXGroup;
			children = (
				AE03F3F226A88917004C12BF /* DiffableDataSource */,
				AE03F40926A88918004C12BF /* DiffableDataSourceTests */,
				AE03F41426A88918004C12BF /* DiffableDataSourceUITests */,
				AE03F3F126A88917004C12BF /* Products */,
			);
			sourceTree = "<group>";
		};
		AE03F3F126A88917004C12BF /* Products */ = {
			isa = PBXGroup;
			children = (
				AE03F3F026A88917004C12BF /* DiffableDataSource.app */,
				AE03F40626A88918004C12BF /* DiffableDataSourceTests.xctest */,
				AE03F41126A88918004C12BF /* DiffableDataSourceUITests.xctest */,
			);
			name = Products;
			sourceTree = "<group>";
		};
		AE03F3F226A88917004C12BF /* DiffableDataSource */ = {
			isa = PBXGroup;
			children = (
				AEE67A7326A9D50100CFDFF6 /* Preview */,
				AE9DE24B26B30C4A005C0475 /* MemberListView */,
				AE9DE24A26B3071D005C0475 /* AddMemberView */,
				AE03F3F326A88917004C12BF /* AppDelegate.swift */,
				AEE67A3826A9C0AE00CFDFF6 /* Helper.swift */,
				AE03F3FC26A88918004C12BF /* Assets.xcassets */,
				AE03F3FE26A88918004C12BF /* LaunchScreen.storyboard */,
				AE03F40126A88918004C12BF /* Info.plist */,
			);
			path = DiffableDataSource;
			sourceTree = "<group>";
		};
		AE03F40926A88918004C12BF /* DiffableDataSourceTests */ = {
			isa = PBXGroup;
			children = (
				AE03F40A26A88918004C12BF /* MemberListReducerTests.swift */,
				AE03F40C26A88918004C12BF /* Info.plist */,
			);
			path = DiffableDataSourceTests;
			sourceTree = "<group>";
		};
		AE03F41426A88918004C12BF /* DiffableDataSourceUITests */ = {
			isa = PBXGroup;
			children = (
				AE03F41526A88918004C12BF /* DiffableDataSourceUITests.swift */,
				AE03F41726A88918004C12BF /* Info.plist */,
			);
			path = DiffableDataSourceUITests;
			sourceTree = "<group>";
		};
		AE9DE24A26B3071D005C0475 /* AddMemberView */ = {
			isa = PBXGroup;
			children = (
				AE9DE24826B2CE21005C0475 /* AddMemberStore.swift */,
				AE9DE24626B1B31E005C0475 /* AddMemberViewController.swift */,
			);
			path = AddMemberView;
			sourceTree = "<group>";
		};
		AE9DE24B26B30C4A005C0475 /* MemberListView */ = {
			isa = PBXGroup;
			children = (
				AEE67A3426A9BEA400CFDFF6 /* MemberListViewController.swift */,
				AEE67A3626A9BF0E00CFDFF6 /* MemberListViewController+Extension.swift */,
				AE33B46E26AB2BD100F1619D /* MemberListStore.swift */,
			);
			path = MemberListView;
			sourceTree = "<group>";
		};
		AEE67A7326A9D50100CFDFF6 /* Preview */ = {
			isa = PBXGroup;
			children = (
				AEE67A7126A9D0D300CFDFF6 /* MemberListPreview.swift */,
			);
			path = Preview;
			sourceTree = "<group>";
		};
/* End PBXGroup section */

/* Begin PBXNativeTarget section */
		AE03F3EF26A88917004C12BF /* DiffableDataSource */ = {
			isa = PBXNativeTarget;
			buildConfigurationList = AE03F41A26A88918004C12BF /* Build configuration list for PBXNativeTarget "DiffableDataSource" */;
			buildPhases = (
				AE03F3EC26A88917004C12BF /* Sources */,
				AE03F3ED26A88917004C12BF /* Frameworks */,
				AE03F3EE26A88917004C12BF /* Resources */,
			);
			buildRules = (
			);
			dependencies = (
			);
			name = DiffableDataSource;
			productName = DiffableDataSource;
			productReference = AE03F3F026A88917004C12BF /* DiffableDataSource.app */;
			productType = "com.apple.product-type.application";
		};
		AE03F40526A88918004C12BF /* DiffableDataSourceTests */ = {
			isa = PBXNativeTarget;
			buildConfigurationList = AE03F41D26A88918004C12BF /* Build configuration list for PBXNativeTarget "DiffableDataSourceTests" */;
			buildPhases = (
				AE03F40226A88918004C12BF /* Sources */,
				AE03F40326A88918004C12BF /* Frameworks */,
				AE03F40426A88918004C12BF /* Resources */,
			);
			buildRules = (
			);
			dependencies = (
				AE03F40826A88918004C12BF /* PBXTargetDependency */,
			);
			name = DiffableDataSourceTests;
			productName = DiffableDataSourceTests;
			productReference = AE03F40626A88918004C12BF /* DiffableDataSourceTests.xctest */;
			productType = "com.apple.product-type.bundle.unit-test";
		};
		AE03F41026A88918004C12BF /* DiffableDataSourceUITests */ = {
			isa = PBXNativeTarget;
			buildConfigurationList = AE03F42026A88918004C12BF /* Build configuration list for PBXNativeTarget "DiffableDataSourceUITests" */;
			buildPhases = (
				AE03F40D26A88918004C12BF /* Sources */,
				AE03F40E26A88918004C12BF /* Frameworks */,
				AE03F40F26A88918004C12BF /* Resources */,
			);
			buildRules = (
			);
			dependencies = (
				AE03F41326A88918004C12BF /* PBXTargetDependency */,
			);
			name = DiffableDataSourceUITests;
			productName = DiffableDataSourceUITests;
			productReference = AE03F41126A88918004C12BF /* DiffableDataSourceUITests.xctest */;
			productType = "com.apple.product-type.bundle.ui-testing";
		};
/* End PBXNativeTarget section */

/* Begin PBXProject section */
		AE03F3E826A88917004C12BF /* Project object */ = {
			isa = PBXProject;
			attributes = {
				LastSwiftUpdateCheck = 1250;
				LastUpgradeCheck = 1250;
				TargetAttributes = {
					AE03F3EF26A88917004C12BF = {
						CreatedOnToolsVersion = 12.5.1;
					};
					AE03F40526A88918004C12BF = {
						CreatedOnToolsVersion = 12.5.1;
						TestTargetID = AE03F3EF26A88917004C12BF;
					};
					AE03F41026A88918004C12BF = {
						CreatedOnToolsVersion = 12.5.1;
						TestTargetID = AE03F3EF26A88917004C12BF;
					};
				};
			};
			buildConfigurationList = AE03F3EB26A88917004C12BF /* Build configuration list for PBXProject "DiffableDataSource" */;
			compatibilityVersion = "Xcode 9.3";
			developmentRegion = en;
			hasScannedForEncodings = 0;
			knownRegions = (
				en,
				Base,
			);
			mainGroup = AE03F3E726A88916004C12BF;
			productRefGroup = AE03F3F126A88917004C12BF /* Products */;
			projectDirPath = "";
			projectRoot = "";
			targets = (
				AE03F3EF26A88917004C12BF /* DiffableDataSource */,
				AE03F40526A88918004C12BF /* DiffableDataSourceTests */,
				AE03F41026A88918004C12BF /* DiffableDataSourceUITests */,
			);
		};
/* End PBXProject section */

/* Begin PBXResourcesBuildPhase section */
		AE03F3EE26A88917004C12BF /* Resources */ = {
			isa = PBXResourcesBuildPhase;
			buildActionMask = 2147483647;
			files = (
				AE03F40026A88918004C12BF /* LaunchScreen.storyboard in Resources */,
				AE03F3FD26A88918004C12BF /* Assets.xcassets in Resources */,
			);
			runOnlyForDeploymentPostprocessing = 0;
		};
		AE03F40426A88918004C12BF /* Resources */ = {
			isa = PBXResourcesBuildPhase;
			buildActionMask = 2147483647;
			files = (
			);
			runOnlyForDeploymentPostprocessing = 0;
		};
		AE03F40F26A88918004C12BF /* Resources */ = {
			isa = PBXResourcesBuildPhase;
			buildActionMask = 2147483647;
			files = (
			);
			runOnlyForDeploymentPostprocessing = 0;
		};
/* End PBXResourcesBuildPhase section */

/* Begin PBXSourcesBuildPhase section */
		AE03F3EC26A88917004C12BF /* Sources */ = {
			isa = PBXSourcesBuildPhase;
			buildActionMask = 2147483647;
			files = (
				AE9DE24726B1B31E005C0475 /* AddMemberViewController.swift in Sources */,
				AE03F3F426A88917004C12BF /* AppDelegate.swift in Sources */,
				AE33B46F26AB2BD100F1619D /* MemberListStore.swift in Sources */,
				AEE67A3926A9C0AE00CFDFF6 /* Helper.swift in Sources */,
				AEE67A3726A9BF0E00CFDFF6 /* MemberListViewController+Extension.swift in Sources */,
				AE9DE24926B2CE21005C0475 /* AddMemberStore.swift in Sources */,
				AEE67A3526A9BEA400CFDFF6 /* MemberListViewController.swift in Sources */,
				AEE67A7226A9D0D300CFDFF6 /* MemberListPreview.swift in Sources */,
			);
			runOnlyForDeploymentPostprocessing = 0;
		};
		AE03F40226A88918004C12BF /* Sources */ = {
			isa = PBXSourcesBuildPhase;
			buildActionMask = 2147483647;
			files = (
				AE03F40B26A88918004C12BF /* MemberListReducerTests.swift in Sources */,
			);
			runOnlyForDeploymentPostprocessing = 0;
		};
		AE03F40D26A88918004C12BF /* Sources */ = {
			isa = PBXSourcesBuildPhase;
			buildActionMask = 2147483647;
			files = (
				AE03F41626A88918004C12BF /* DiffableDataSourceUITests.swift in Sources */,
			);
			runOnlyForDeploymentPostprocessing = 0;
		};
/* End PBXSourcesBuildPhase section */

/* Begin PBXTargetDependency section */
		AE03F40826A88918004C12BF /* PBXTargetDependency */ = {
			isa = PBXTargetDependency;
			target = AE03F3EF26A88917004C12BF /* DiffableDataSource */;
			targetProxy = AE03F40726A88918004C12BF /* PBXContainerItemProxy */;
		};
		AE03F41326A88918004C12BF /* PBXTargetDependency */ = {
			isa = PBXTargetDependency;
			target = AE03F3EF26A88917004C12BF /* DiffableDataSource */;
			targetProxy = AE03F41226A88918004C12BF /* PBXContainerItemProxy */;
		};
/* End PBXTargetDependency section */

/* Begin PBXVariantGroup section */
		AE03F3FE26A88918004C12BF /* LaunchScreen.storyboard */ = {
			isa = PBXVariantGroup;
			children = (
				AE03F3FF26A88918004C12BF /* Base */,
			);
			name = LaunchScreen.storyboard;
			sourceTree = "<group>";
		};
/* End PBXVariantGroup section */

/* Begin XCBuildConfiguration section */
		AE03F41826A88918004C12BF /* Debug */ = {
			isa = XCBuildConfiguration;
			buildSettings = {
				ALWAYS_SEARCH_USER_PATHS = NO;
				CLANG_ANALYZER_NONNULL = YES;
				CLANG_ANALYZER_NUMBER_OBJECT_CONVERSION = YES_AGGRESSIVE;
				CLANG_CXX_LANGUAGE_STANDARD = "gnu++14";
				CLANG_CXX_LIBRARY = "libc++";
				CLANG_ENABLE_MODULES = YES;
				CLANG_ENABLE_OBJC_ARC = YES;
				CLANG_ENABLE_OBJC_WEAK = YES;
				CLANG_WARN_BLOCK_CAPTURE_AUTORELEASING = YES;
				CLANG_WARN_BOOL_CONVERSION = YES;
				CLANG_WARN_COMMA = YES;
				CLANG_WARN_CONSTANT_CONVERSION = YES;
				CLANG_WARN_DEPRECATED_OBJC_IMPLEMENTATIONS = YES;
				CLANG_WARN_DIRECT_OBJC_ISA_USAGE = YES_ERROR;
				CLANG_WARN_DOCUMENTATION_COMMENTS = YES;
				CLANG_WARN_EMPTY_BODY = YES;
				CLANG_WARN_ENUM_CONVERSION = YES;
				CLANG_WARN_INFINITE_RECURSION = YES;
				CLANG_WARN_INT_CONVERSION = YES;
				CLANG_WARN_NON_LITERAL_NULL_CONVERSION = YES;
				CLANG_WARN_OBJC_IMPLICIT_RETAIN_SELF = YES;
				CLANG_WARN_OBJC_LITERAL_CONVERSION = YES;
				CLANG_WARN_OBJC_ROOT_CLASS = YES_ERROR;
				CLANG_WARN_QUOTED_INCLUDE_IN_FRAMEWORK_HEADER = YES;
				CLANG_WARN_RANGE_LOOP_ANALYSIS = YES;
				CLANG_WARN_STRICT_PROTOTYPES = YES;
				CLANG_WARN_SUSPICIOUS_MOVE = YES;
				CLANG_WARN_UNGUARDED_AVAILABILITY = YES_AGGRESSIVE;
				CLANG_WARN_UNREACHABLE_CODE = YES;
				CLANG_WARN__DUPLICATE_METHOD_MATCH = YES;
				COPY_PHASE_STRIP = NO;
				DEBUG_INFORMATION_FORMAT = dwarf;
				ENABLE_STRICT_OBJC_MSGSEND = YES;
				ENABLE_TESTABILITY = YES;
				GCC_C_LANGUAGE_STANDARD = gnu11;
				GCC_DYNAMIC_NO_PIC = NO;
				GCC_NO_COMMON_BLOCKS = YES;
				GCC_OPTIMIZATION_LEVEL = 0;
				GCC_PREPROCESSOR_DEFINITIONS = (
					"DEBUG=1",
					"$(inherited)",
				);
				GCC_WARN_64_TO_32_BIT_CONVERSION = YES;
				GCC_WARN_ABOUT_RETURN_TYPE = YES_ERROR;
				GCC_WARN_UNDECLARED_SELECTOR = YES;
				GCC_WARN_UNINITIALIZED_AUTOS = YES_AGGRESSIVE;
				GCC_WARN_UNUSED_FUNCTION = YES;
				GCC_WARN_UNUSED_VARIABLE = YES;
				IPHONEOS_DEPLOYMENT_TARGET = 14.5;
				MTL_ENABLE_DEBUG_INFO = INCLUDE_SOURCE;
				MTL_FAST_MATH = YES;
				ONLY_ACTIVE_ARCH = YES;
				SDKROOT = iphoneos;
				SWIFT_ACTIVE_COMPILATION_CONDITIONS = DEBUG;
				SWIFT_OPTIMIZATION_LEVEL = "-Onone";
			};
			name = Debug;
		};
		AE03F41926A88918004C12BF /* Release */ = {
			isa = XCBuildConfiguration;
			buildSettings = {
				ALWAYS_SEARCH_USER_PATHS = NO;
				CLANG_ANALYZER_NONNULL = YES;
				CLANG_ANALYZER_NUMBER_OBJECT_CONVERSION = YES_AGGRESSIVE;
				CLANG_CXX_LANGUAGE_STANDARD = "gnu++14";
				CLANG_CXX_LIBRARY = "libc++";
				CLANG_ENABLE_MODULES = YES;
				CLANG_ENABLE_OBJC_ARC = YES;
				CLANG_ENABLE_OBJC_WEAK = YES;
				CLANG_WARN_BLOCK_CAPTURE_AUTORELEASING = YES;
				CLANG_WARN_BOOL_CONVERSION = YES;
				CLANG_WARN_COMMA = YES;
				CLANG_WARN_CONSTANT_CONVERSION = YES;
				CLANG_WARN_DEPRECATED_OBJC_IMPLEMENTATIONS = YES;
				CLANG_WARN_DIRECT_OBJC_ISA_USAGE = YES_ERROR;
				CLANG_WARN_DOCUMENTATION_COMMENTS = YES;
				CLANG_WARN_EMPTY_BODY = YES;
				CLANG_WARN_ENUM_CONVERSION = YES;
				CLANG_WARN_INFINITE_RECURSION = YES;
				CLANG_WARN_INT_CONVERSION = YES;
				CLANG_WARN_NON_LITERAL_NULL_CONVERSION = YES;
				CLANG_WARN_OBJC_IMPLICIT_RETAIN_SELF = YES;
				CLANG_WARN_OBJC_LITERAL_CONVERSION = YES;
				CLANG_WARN_OBJC_ROOT_CLASS = YES_ERROR;
				CLANG_WARN_QUOTED_INCLUDE_IN_FRAMEWORK_HEADER = YES;
				CLANG_WARN_RANGE_LOOP_ANALYSIS = YES;
				CLANG_WARN_STRICT_PROTOTYPES = YES;
				CLANG_WARN_SUSPICIOUS_MOVE = YES;
				CLANG_WARN_UNGUARDED_AVAILABILITY = YES_AGGRESSIVE;
				CLANG_WARN_UNREACHABLE_CODE = YES;
				CLANG_WARN__DUPLICATE_METHOD_MATCH = YES;
				COPY_PHASE_STRIP = NO;
				DEBUG_INFORMATION_FORMAT = "dwarf-with-dsym";
				ENABLE_NS_ASSERTIONS = NO;
				ENABLE_STRICT_OBJC_MSGSEND = YES;
				GCC_C_LANGUAGE_STANDARD = gnu11;
				GCC_NO_COMMON_BLOCKS = YES;
				GCC_WARN_64_TO_32_BIT_CONVERSION = YES;
				GCC_WARN_ABOUT_RETURN_TYPE = YES_ERROR;
				GCC_WARN_UNDECLARED_SELECTOR = YES;
				GCC_WARN_UNINITIALIZED_AUTOS = YES_AGGRESSIVE;
				GCC_WARN_UNUSED_FUNCTION = YES;
				GCC_WARN_UNUSED_VARIABLE = YES;
				IPHONEOS_DEPLOYMENT_TARGET = 14.5;
				MTL_ENABLE_DEBUG_INFO = NO;
				MTL_FAST_MATH = YES;
				SDKROOT = iphoneos;
				SWIFT_COMPILATION_MODE = wholemodule;
				SWIFT_OPTIMIZATION_LEVEL = "-O";
				VALIDATE_PRODUCT = YES;
			};
			name = Release;
		};
		AE03F41B26A88918004C12BF /* Debug */ = {
			isa = XCBuildConfiguration;
			buildSettings = {
				ASSETCATALOG_COMPILER_APPICON_NAME = AppIcon;
				ASSETCATALOG_COMPILER_GLOBAL_ACCENT_COLOR_NAME = AccentColor;
				CODE_SIGN_STYLE = Automatic;
				DEVELOPMENT_TEAM = 6HG325P9V2;
				INFOPLIST_FILE = DiffableDataSource/Info.plist;
				LD_RUNPATH_SEARCH_PATHS = (
					"$(inherited)",
					"@executable_path/Frameworks",
				);
				PRODUCT_BUNDLE_IDENTIFIER = cLoud.DiffableDataSource;
				PRODUCT_NAME = "$(TARGET_NAME)";
				SWIFT_VERSION = 5.0;
				TARGETED_DEVICE_FAMILY = "1,2";
			};
			name = Debug;
		};
		AE03F41C26A88918004C12BF /* Release */ = {
			isa = XCBuildConfiguration;
			buildSettings = {
				ASSETCATALOG_COMPILER_APPICON_NAME = AppIcon;
				ASSETCATALOG_COMPILER_GLOBAL_ACCENT_COLOR_NAME = AccentColor;
				CODE_SIGN_STYLE = Automatic;
				DEVELOPMENT_TEAM = 6HG325P9V2;
				INFOPLIST_FILE = DiffableDataSource/Info.plist;
				LD_RUNPATH_SEARCH_PATHS = (
					"$(inherited)",
					"@executable_path/Frameworks",
				);
				PRODUCT_BUNDLE_IDENTIFIER = cLoud.DiffableDataSource;
				PRODUCT_NAME = "$(TARGET_NAME)";
				SWIFT_VERSION = 5.0;
				TARGETED_DEVICE_FAMILY = "1,2";
			};
			name = Release;
		};
		AE03F41E26A88918004C12BF /* Debug */ = {
			isa = XCBuildConfiguration;
			buildSettings = {
				ALWAYS_EMBED_SWIFT_STANDARD_LIBRARIES = YES;
				BUNDLE_LOADER = "$(TEST_HOST)";
				CODE_SIGN_STYLE = Automatic;
				DEVELOPMENT_TEAM = 6HG325P9V2;
				INFOPLIST_FILE = DiffableDataSourceTests/Info.plist;
				IPHONEOS_DEPLOYMENT_TARGET = 14.5;
				LD_RUNPATH_SEARCH_PATHS = (
					"$(inherited)",
					"@executable_path/Frameworks",
					"@loader_path/Frameworks",
				);
				PRODUCT_BUNDLE_IDENTIFIER = cLoud.DiffableDataSourceTests;
				PRODUCT_NAME = "$(TARGET_NAME)";
				SWIFT_VERSION = 5.0;
				TARGETED_DEVICE_FAMILY = "1,2";
				TEST_HOST = "$(BUILT_PRODUCTS_DIR)/DiffableDataSource.app/DiffableDataSource";
			};
			name = Debug;
		};
		AE03F41F26A88918004C12BF /* Release */ = {
			isa = XCBuildConfiguration;
			buildSettings = {
				ALWAYS_EMBED_SWIFT_STANDARD_LIBRARIES = YES;
				BUNDLE_LOADER = "$(TEST_HOST)";
				CODE_SIGN_STYLE = Automatic;
				DEVELOPMENT_TEAM = 6HG325P9V2;
				INFOPLIST_FILE = DiffableDataSourceTests/Info.plist;
				IPHONEOS_DEPLOYMENT_TARGET = 14.5;
				LD_RUNPATH_SEARCH_PATHS = (
					"$(inherited)",
					"@executable_path/Frameworks",
					"@loader_path/Frameworks",
				);
				PRODUCT_BUNDLE_IDENTIFIER = cLoud.DiffableDataSourceTests;
				PRODUCT_NAME = "$(TARGET_NAME)";
				SWIFT_VERSION = 5.0;
				TARGETED_DEVICE_FAMILY = "1,2";
				TEST_HOST = "$(BUILT_PRODUCTS_DIR)/DiffableDataSource.app/DiffableDataSource";
			};
			name = Release;
		};
		AE03F42126A88918004C12BF /* Debug */ = {
			isa = XCBuildConfiguration;
			buildSettings = {
				ALWAYS_EMBED_SWIFT_STANDARD_LIBRARIES = YES;
				CODE_SIGN_STYLE = Automatic;
				DEVELOPMENT_TEAM = 6HG325P9V2;
				INFOPLIST_FILE = DiffableDataSourceUITests/Info.plist;
				LD_RUNPATH_SEARCH_PATHS = (
					"$(inherited)",
					"@executable_path/Frameworks",
					"@loader_path/Frameworks",
				);
				PRODUCT_BUNDLE_IDENTIFIER = cLoud.DiffableDataSourceUITests;
				PRODUCT_NAME = "$(TARGET_NAME)";
				SWIFT_VERSION = 5.0;
				TARGETED_DEVICE_FAMILY = "1,2";
				TEST_TARGET_NAME = DiffableDataSource;
			};
			name = Debug;
		};
		AE03F42226A88918004C12BF /* Release */ = {
			isa = XCBuildConfiguration;
			buildSettings = {
				ALWAYS_EMBED_SWIFT_STANDARD_LIBRARIES = YES;
				CODE_SIGN_STYLE = Automatic;
				DEVELOPMENT_TEAM = 6HG325P9V2;
				INFOPLIST_FILE = DiffableDataSourceUITests/Info.plist;
				LD_RUNPATH_SEARCH_PATHS = (
					"$(inherited)",
					"@executable_path/Frameworks",
					"@loader_path/Frameworks",
				);
				PRODUCT_BUNDLE_IDENTIFIER = cLoud.DiffableDataSourceUITests;
				PRODUCT_NAME = "$(TARGET_NAME)";
				SWIFT_VERSION = 5.0;
				TARGETED_DEVICE_FAMILY = "1,2";
				TEST_TARGET_NAME = DiffableDataSource;
			};
			name = Release;
		};
/* End XCBuildConfiguration section */

/* Begin XCConfigurationList section */
		AE03F3EB26A88917004C12BF /* Build configuration list for PBXProject "DiffableDataSource" */ = {
			isa = XCConfigurationList;
			buildConfigurations = (
				AE03F41826A88918004C12BF /* Debug */,
				AE03F41926A88918004C12BF /* Release */,
			);
			defaultConfigurationIsVisible = 0;
			defaultConfigurationName = Release;
		};
		AE03F41A26A88918004C12BF /* Build configuration list for PBXNativeTarget "DiffableDataSource" */ = {
			isa = XCConfigurationList;
			buildConfigurations = (
				AE03F41B26A88918004C12BF /* Debug */,
				AE03F41C26A88918004C12BF /* Release */,
			);
			defaultConfigurationIsVisible = 0;
			defaultConfigurationName = Release;
		};
		AE03F41D26A88918004C12BF /* Build configuration list for PBXNativeTarget "DiffableDataSourceTests" */ = {
			isa = XCConfigurationList;
			buildConfigurations = (
				AE03F41E26A88918004C12BF /* Debug */,
				AE03F41F26A88918004C12BF /* Release */,
			);
			defaultConfigurationIsVisible = 0;
			defaultConfigurationName = Release;
		};
		AE03F42026A88918004C12BF /* Build configuration list for PBXNativeTarget "DiffableDataSourceUITests" */ = {
			isa = XCConfigurationList;
			buildConfigurations = (
				AE03F42126A88918004C12BF /* Debug */,
				AE03F42226A88918004C12BF /* Release */,
			);
			defaultConfigurationIsVisible = 0;
			defaultConfigurationName = Release;
		};
/* End XCConfigurationList section */
	};
	rootObject = AE03F3E826A88917004C12BF /* Project object */;
}
